
Microsoft Visual Studio Solution File, Format Version 12.00
# Visual Studio Version 16
VisualStudioVersion = 16.0.29911.84
MinimumVisualStudioVersion = 10.0.40219.1
Project("{FAE04EC0-301F-11D3-BF4B-00C04F79EFBC}") = "InviteTelegramBot", "InviteTelegramBot\InviteTelegramBot.csproj", "{2BCEE682-29AE-4689-91E1-C2D49173CAC6}"
EndProject
Global
	GlobalSection(SolutionConfigurationPlatforms) = preSolution
		Debug|Any CPU = Debug|Any CPU
		Release|Any CPU = Release|Any CPU
	EndGlobalSection
	GlobalSection(ProjectConfigurationPlatforms) = postSolution
		{2BCEE682-29AE-4689-91E1-C2D49173CAC6}.Debug|Any CPU.ActiveCfg = Debug|Any CPU
		{2BCEE682-29AE-4689-91E1-C2D49173CAC6}.Debug|Any CPU.Build.0 = Debug|Any CPU
		{2BCEE682-29AE-4689-91E1-C2D49173CAC6}.Release|Any CPU.ActiveCfg = Release|Any CPU
		{2BCEE682-29AE-4689-91E1-C2D49173CAC6}.Release|Any CPU.Build.0 = Release|Any CPU
	EndGlobalSection
	GlobalSection(SolutionProperties) = preSolution
		HideSolutionNode = FALSE
	EndGlobalSection
	GlobalSection(ExtensibilityGlobals) = postSolution
		SolutionGuid = {620C4408-E0C7-47A5-A180-3125362DF7F4}
	EndGlobalSection
EndGlobal
